lockfileVersion: '9.0'

settings:
  autoInstallPeers: true
  excludeLinksFromLockfile: false

importers:

  .:
    devDependencies:
      '@types/golang-wasm-exec':
        specifier: ^1.15.2
        version: 1.15.2
      '@types/node':
        specifier: ^25.2.0
        version: 25.2.0

packages:

  '@types/golang-wasm-exec@1.15.2':
    resolution: {integrity: sha512-NA77toY4yOiiV5foDVT/rfxmtoox7ASHqGs4Eek8xTMcKWwAhZLOD3SYfLQKq4P2jtOLQQkeISq3zSuQ1Y+apg==}

  '@types/node@25.2.0':
    resolution: {integrity: sha512-DZ8VwRFUNzuqJ5khrvwMXHmvPe+zGayJhr2CDNiKB1WBE1ST8Djl00D0IC4vvNmHMdj6DlbYRIaFE7WHjlDl5w==}

  undici-types@7.16.0:
    resolution: {integrity: sha512-Zz+aZWSj8LE6zoxD+xrjh4VfkIG8Ya6LvYkZqtUQGJPZjYl53ypCaUwWqo7eI0x66KBGeRo+mlBEkMSeSZ38Nw==}

snapshots:

  '@types/golang-wasm-exec@1.15.2': {}

  '@types/node@25.2.0':
    dependencies:
      undici-types: 7.16.0

  undici-types@7.16.0: {}
